
Microsoft Visual Studio Solution File, Format Version 12.00
# Visual Studio Version 16
VisualStudioVersion = 16.0.30523.141
MinimumVisualStudioVersion = 10.0.40219.1
Project("{FAE04EC0-301F-11D3-BF4B-00C04F79EFBC}") = "Zinveliu_Denisa_Lab5", "Zinveliu_Denisa_Lab5.csproj", "{91B5C9D2-EB67-40A5-AEA1-866CCB6603E8}"
EndProject
Global
	GlobalSection(SolutionConfigurationPlatforms) = preSolution
		Debug|Any CPU = Debug|Any CPU
		Release|Any CPU = Release|Any CPU
	EndGlobalSection
	GlobalSection(ProjectConfigurationPlatforms) = postSolution
		{91B5C9D2-EB67-40A5-AEA1-866CCB6603E8}.Debug|Any CPU.ActiveCfg = Debug|Any CPU
		{91B5C9D2-EB67-40A5-AEA1-866CCB6603E8}.Debug|Any CPU.Build.0 = Debug|Any CPU
		{91B5C9D2-EB67-40A5-AEA1-866CCB6603E8}.Release|Any CPU.ActiveCfg = Release|Any CPU
		{91B5C9D2-EB67-40A5-AEA1-866CCB6603E8}.Release|Any CPU.Build.0 = Release|Any CPU
	EndGlobalSection
	GlobalSection(SolutionProperties) = preSolution
		HideSolutionNode = FALSE
	EndGlobalSection
	GlobalSection(ExtensibilityGlobals) = postSolution
		SolutionGuid = {F477167C-95D8-4AA2-8BFC-D4A52920519F}
	EndGlobalSection
EndGlobal
